
Microsoft Visual Studio Solution File, Format Version 12.00
# Visual Studio Version 16
VisualStudioVersion = 16.0.31005.135
MinimumVisualStudioVersion = 10.0.40219.1
Project("{FAE04EC0-301F-11D3-BF4B-00C04F79EFBC}") = "WaitHandlers2203", "WaitHandlers2203\WaitHandlers2203.csproj", "{BE7B11E7-5E61-4631-9C3E-F7536C263D9D}"
EndProject
Global
	GlobalSection(SolutionConfigurationPlatforms) = preSolution
		Debug|Any CPU = Debug|Any CPU
		Release|Any CPU = Release|Any CPU
	EndGlobalSection
	GlobalSection(ProjectConfigurationPlatforms) = postSolution
		{BE7B11E7-5E61-4631-9C3E-F7536C263D9D}.Debug|Any CPU.ActiveCfg = Debug|Any CPU
		{BE7B11E7-5E61-4631-9C3E-F7536C263D9D}.Debug|Any CPU.Build.0 = Debug|Any CPU
		{BE7B11E7-5E61-4631-9C3E-F7536C263D9D}.Release|Any CPU.ActiveCfg = Release|Any CPU
		{BE7B11E7-5E61-4631-9C3E-F7536C263D9D}.Release|Any CPU.Build.0 = Release|Any CPU
	EndGlobalSection
	GlobalSection(SolutionProperties) = preSolution
		HideSolutionNode = FALSE
	EndGlobalSection
	GlobalSection(ExtensibilityGlobals) = postSolution
		SolutionGuid = {D62C1977-2265-4122-A4BF-CB0390EFAB9F}
	EndGlobalSection
EndGlobal
