
Microsoft Visual Studio Solution File, Format Version 12.00
# Visual Studio Version 16
VisualStudioVersion = 16.0.31005.135
MinimumVisualStudioVersion = 10.0.40219.1
Project("{FAE04EC0-301F-11D3-BF4B-00C04F79EFBC}") = "Rabbit220321", "Rabbit220321\Rabbit220321.csproj", "{250CF6FA-3D86-4531-95D4-6A131EDD9EFC}"
EndProject
Global
	GlobalSection(SolutionConfigurationPlatforms) = preSolution
		Debug|Any CPU = Debug|Any CPU
		Release|Any CPU = Release|Any CPU
	EndGlobalSection
	GlobalSection(ProjectConfigurationPlatforms) = postSolution
		{250CF6FA-3D86-4531-95D4-6A131EDD9EFC}.Debug|Any CPU.ActiveCfg = Debug|Any CPU
		{250CF6FA-3D86-4531-95D4-6A131EDD9EFC}.Debug|Any CPU.Build.0 = Debug|Any CPU
		{250CF6FA-3D86-4531-95D4-6A131EDD9EFC}.Release|Any CPU.ActiveCfg = Release|Any CPU
		{250CF6FA-3D86-4531-95D4-6A131EDD9EFC}.Release|Any CPU.Build.0 = Release|Any CPU
	EndGlobalSection
	GlobalSection(SolutionProperties) = preSolution
		HideSolutionNode = FALSE
	EndGlobalSection
	GlobalSection(ExtensibilityGlobals) = postSolution
		SolutionGuid = {67F85A78-3310-440B-BFE3-70E892190EFD}
	EndGlobalSection
EndGlobal
